
Microsoft Visual Studio Solution File, Format Version 12.00
# Visual Studio Version 16
VisualStudioVersion = 25.0.1706.0
MinimumVisualStudioVersion = 10.0.40219.1
Project("{FAE04EC0-301F-11D3-BF4B-00C04F79EFBC}") = "CSharp-InterfacesandTestability", "CSharp-InterfacesandTestability.csproj", "{7859FE9B-C148-4FFB-BF2B-139FA240BD08}"
EndProject
Global
	GlobalSection(SolutionConfigurationPlatforms) = preSolution
		Debug|Any CPU = Debug|Any CPU
		Release|Any CPU = Release|Any CPU
	EndGlobalSection
	GlobalSection(ProjectConfigurationPlatforms) = postSolution
		{7859FE9B-C148-4FFB-BF2B-139FA240BD08}.Debug|Any CPU.ActiveCfg = Debug|Any CPU
		{7859FE9B-C148-4FFB-BF2B-139FA240BD08}.Debug|Any CPU.Build.0 = Debug|Any CPU
		{7859FE9B-C148-4FFB-BF2B-139FA240BD08}.Release|Any CPU.ActiveCfg = Release|Any CPU
		{7859FE9B-C148-4FFB-BF2B-139FA240BD08}.Release|Any CPU.Build.0 = Release|Any CPU
	EndGlobalSection
	GlobalSection(SolutionProperties) = preSolution
		HideSolutionNode = FALSE
	EndGlobalSection
	GlobalSection(ExtensibilityGlobals) = postSolution
		SolutionGuid = {DBF7BBB0-C4C1-412C-BEDF-16075A4D53E1}
	EndGlobalSection
EndGlobal
